
Microsoft Visual Studio Solution File, Format Version 12.00
# Visual Studio Version 17
VisualStudioVersion = 17.4.33205.214
MinimumVisualStudioVersion = 10.0.40219.1
Project("{FAE04EC0-301F-11D3-BF4B-00C04F79EFBC}") = "appContacto", "appContacto\appContacto.csproj", "{D1A86CFB-1A01-427B-B66B-C72DF27862C9}"
EndProject
Global
	GlobalSection(SolutionConfigurationPlatforms) = preSolution
		Debug|Any CPU = Debug|Any CPU
		Release|Any CPU = Release|Any CPU
	EndGlobalSection
	GlobalSection(ProjectConfigurationPlatforms) = postSolution
		{D1A86CFB-1A01-427B-B66B-C72DF27862C9}.Debug|Any CPU.ActiveCfg = Debug|Any CPU
		{D1A86CFB-1A01-427B-B66B-C72DF27862C9}.Debug|Any CPU.Build.0 = Debug|Any CPU
		{D1A86CFB-1A01-427B-B66B-C72DF27862C9}.Release|Any CPU.ActiveCfg = Release|Any CPU
		{D1A86CFB-1A01-427B-B66B-C72DF27862C9}.Release|Any CPU.Build.0 = Release|Any CPU
	EndGlobalSection
	GlobalSection(SolutionProperties) = preSolution
		HideSolutionNode = FALSE
	EndGlobalSection
	GlobalSection(ExtensibilityGlobals) = postSolution
		SolutionGuid = {A42DA14A-E8C2-49C8-BF36-6648455C94E6}
	EndGlobalSection
EndGlobal
